// !$*UTF8*$!
{
	archiveVersion = 1;
	classes = {
	};
	objectVersion = 46;
	objects = {

/* Begin PBXBuildFile section */
		05E1D0A820AE3F5A247ED6E8 /* EditorCamera.cpp in Sources */ = {isa = PBXBuildFile; fileRef = 09EEA1B07716B02278A99FF0 /* EditorCamera.cpp */; };
		3B0B33AA6D047E5CE6E3B9EA /* Window.cpp in Sources */ = {isa = PBXBuildFile; fileRef = 1CC4E5B2735250244BCB63F2 /* Window.cpp */; };
		5145F849E992DDFB17D9DE89 /* libimgui.a in Frameworks */ = {isa = PBXBuildFile; fileRef = 73ECEF51B83B94C3FA62CD91 /* libimgui.a */; };
		5D1E88C2A13259F49503DF02 /* Application.cpp in Sources */ = {isa = PBXBuildFile; fileRef = E649F44A576C953C0D33428A /* Application.cpp */; };
		892F05209B58E1D2CF49CB60 /* LayerStack.cpp in Sources */ = {isa = PBXBuildFile; fileRef = 348BACC82E4D693A684C6B08 /* LayerStack.cpp */; };
		8A08B1329C328DE4D0237772 /* EntryPoint.cpp in Sources */ = {isa = PBXBuildFile; fileRef = D9D422BAD395DF2C0D94E0FA /* EntryPoint.cpp */; };
		98562209DCA4C77B1ECC0049 /* Object.cpp in Sources */ = {isa = PBXBuildFile; fileRef = E7158C3108E1396345966271 /* Object.cpp */; };
		A4F6B9E018DF31923B2CE020 /* TextureManager.cpp in Sources */ = {isa = PBXBuildFile; fileRef = BD83E9688411E0DAF21407A8 /* TextureManager.cpp */; };
		A6A71FF4F40A16266A291634 /* Layer.cpp in Sources */ = {isa = PBXBuildFile; fileRef = 1F12FB5C09FF214E51E4E99C /* Layer.cpp */; };
		AF97F738F3E69CAA360DD578 /* HashString.cpp in Sources */ = {isa = PBXBuildFile; fileRef = 77D3A4E0999F5212D6547B20 /* HashString.cpp */; };
		B37B8422515C84D428DACA62 /* CameraController.cpp in Sources */ = {isa = PBXBuildFile; fileRef = 030E1C8AC5CE7CFC23035ACA /* CameraController.cpp */; };
		BD40C62880AC87DABF502C68 /* UUID.cpp in Sources */ = {isa = PBXBuildFile; fileRef = F4D0EB50EE36ECC2E1D24990 /* UUID.cpp */; };
		C341A99EE50D56D021C27FDE /* Log.cpp in Sources */ = {isa = PBXBuildFile; fileRef = FA4B7D66FAFE7A586EE04BA6 /* Log.cpp */; };
		C5C0767C1D25E96ECF3404BC /* ImGuiLayer.cpp in Sources */ = {isa = PBXBuildFile; fileRef = EB99A5841D92F03697722BC4 /* ImGuiLayer.cpp */; };
		DD22AFF62A85A628A0A4A636 /* Scene.cpp in Sources */ = {isa = PBXBuildFile; fileRef = 281DF83E130A1E305AEFE67E /* Scene.cpp */; };
		F7DFB5E14F4528D301534421 /* Component.cpp in Sources */ = {isa = PBXBuildFile; fileRef = E7721B89196B663B934AA1C9 /* Component.cpp */; };
		FBF2A9C1ECEA17B358ED9801 /* libyaml-cpp.a in Frameworks */ = {isa = PBXBuildFile; fileRef = 75DBF5C90E28DB7B3C6FDC09 /* libyaml-cpp.a */; };
/* End PBXBuildFile section */

/* Begin PBXContainerItemProxy section */
		06DF3F76F1CB656839B12DB6 /* PBXContainerItemProxy */ = {
			isa = PBXContainerItemProxy;
			containerPortal = AE0ED4D6C8DB4388CCABDB16 /* vendor/imgui-master/imgui.xcodeproj */;
			proxyType = 1;
			remoteGlobalIDString = 2D2BCDD0309CA002B2094410;
			remoteInfo = libimgui.a;
		};
		3C71938564AC4C374C47D9C5 /* PBXContainerItemProxy */ = {
			isa = PBXContainerItemProxy;
			containerPortal = A6B93F15A65C2247E0B0D555 /* vendor/yaml-cpp/yaml-cpp.xcodeproj */;
			proxyType = 2;
			remoteGlobalIDString = FFF549721707E4A40723DFB2;
			remoteInfo = "libyaml-cpp.a";
		};
		8EAC061EB6E6BED09E824C5E /* PBXContainerItemProxy */ = {
			isa = PBXContainerItemProxy;
			containerPortal = A6B93F15A65C2247E0B0D555 /* vendor/yaml-cpp/yaml-cpp.xcodeproj */;
			proxyType = 1;
			remoteGlobalIDString = 11A0BB181253B80A86358958;
			remoteInfo = "libyaml-cpp.a";
		};
		B4A4CCDD9F90F2CFE776BB1D /* PBXContainerItemProxy */ = {
			isa = PBXContainerItemProxy;
			containerPortal = AE0ED4D6C8DB4388CCABDB16 /* vendor/imgui-master/imgui.xcodeproj */;
			proxyType = 2;
			remoteGlobalIDString = 8CE2B32AFE6DCB9CAD6EF16A;
			remoteInfo = libimgui.a;
		};
/* End PBXContainerItemProxy section */

/* Begin PBXFileReference section */
		030E1C8AC5CE7CFC23035ACA /* CameraController.cpp */ = {isa = PBXFileReference; lastKnownFileType = sourcecode.cpp.cpp; name = CameraController.cpp; path = src/Renderer/CameraController.cpp; sourceTree = "<group>"; };
		057AC708F066ECFA384CB548 /* Scene.hpp */ = {isa = PBXFileReference; lastKnownFileType = text; name = Scene.hpp; path = src/Core/Scene.hpp; sourceTree = "<group>"; };
		09EEA1B07716B02278A99FF0 /* EditorCamera.cpp */ = {isa = PBXFileReference; lastKnownFileType = sourcecode.cpp.cpp; name = EditorCamera.cpp; path = src/Renderer/EditorCamera.cpp; sourceTree = "<group>"; };
		1CC4E5B2735250244BCB63F2 /* Window.cpp */ = {isa = PBXFileReference; lastKnownFileType = sourcecode.cpp.cpp; name = Window.cpp; path = src/Core/Window.cpp; sourceTree = "<group>"; };
		1F12FB5C09FF214E51E4E99C /* Layer.cpp */ = {isa = PBXFileReference; lastKnownFileType = sourcecode.cpp.cpp; name = Layer.cpp; path = src/Core/Layer.cpp; sourceTree = "<group>"; };
		26D9ED703DEC88A22E0883B0 /* Spectral.h */ = {isa = PBXFileReference; lastKnownFileType = sourcecode.c.h; name = Spectral.h; path = src/Spectral.h; sourceTree = "<group>"; };
		281DF83E130A1E305AEFE67E /* Scene.cpp */ = {isa = PBXFileReference; lastKnownFileType = sourcecode.cpp.cpp; name = Scene.cpp; path = src/Core/Scene.cpp; sourceTree = "<group>"; };
		348BACC82E4D693A684C6B08 /* LayerStack.cpp */ = {isa = PBXFileReference; lastKnownFileType = sourcecode.cpp.cpp; name = LayerStack.cpp; path = src/Core/LayerStack.cpp; sourceTree = "<group>"; };
		632F32B395287D650F07B8F3 /* Component.hpp */ = {isa = PBXFileReference; lastKnownFileType = text; name = Component.hpp; path = src/Objects/Component.hpp; sourceTree = "<group>"; };
		638C38522A1A2FC4981C5692 /* TextureManager.hpp */ = {isa = PBXFileReference; lastKnownFileType = text; name = TextureManager.hpp; path = src/Renderer/TextureManager.hpp; sourceTree = "<group>"; };
		643AC6F064EDC3E2D8CF9530 /* Log.hpp */ = {isa = PBXFileReference; lastKnownFileType = text; name = Log.hpp; path = src/Core/Log.hpp; sourceTree = "<group>"; };
		670532D4D827D3C68DEE8114 /* Application.hpp */ = {isa = PBXFileReference; lastKnownFileType = text; name = Application.hpp; path = src/Core/Application.hpp; sourceTree = "<group>"; };
		6C54E40E9E4E2EC0182D6A4E /* ImGuiLayer.hpp */ = {isa = PBXFileReference; lastKnownFileType = text; name = ImGuiLayer.hpp; path = src/ImGui/ImGuiLayer.hpp; sourceTree = "<group>"; };
		77D3A4E0999F5212D6547B20 /* HashString.cpp */ = {isa = PBXFileReference; lastKnownFileType = sourcecode.cpp.cpp; name = HashString.cpp; path = src/HashString.cpp; sourceTree = "<group>"; };
		80436D7A79A96EEC6D44CBBA /* UUID.hpp */ = {isa = PBXFileReference; lastKnownFileType = text; name = UUID.hpp; path = src/Core/UUID.hpp; sourceTree = "<group>"; };
		86DAC8B4499B2926A6D006F4 /* CameraController.hpp */ = {isa = PBXFileReference; lastKnownFileType = text; name = CameraController.hpp; path = src/Renderer/CameraController.hpp; sourceTree = "<group>"; };
		8955951CDFE2FF8EB85C135C /* Window.hpp */ = {isa = PBXFileReference; lastKnownFileType = text; name = Window.hpp; path = src/Core/Window.hpp; sourceTree = "<group>"; };
		9356FFACE9E46A1EC25D7DEC /* Camera.h */ = {isa = PBXFileReference; lastKnownFileType = sourcecode.c.h; name = Camera.h; path = src/Renderer/Camera.h; sourceTree = "<group>"; };
		9684557BB85002ADF5052BBB /* Object.hpp */ = {isa = PBXFileReference; lastKnownFileType = text; name = Object.hpp; path = src/Objects/Object.hpp; sourceTree = "<group>"; };
		9CD1BB83C50C7435ACA801C3 /* libSpectralEngine.a */ = {isa = PBXFileReference; explicitFileType = archive.ar; includeInIndex = 0; name = libSpectralEngine.a; path = libSpectralEngine.a; sourceTree = BUILT_PRODUCTS_DIR; };
		A56AE35A1292F1CC1425E19A /* EditorCamera.hpp */ = {isa = PBXFileReference; lastKnownFileType = text; name = EditorCamera.hpp; path = src/Renderer/EditorCamera.hpp; sourceTree = "<group>"; };
		A6B93F15A65C2247E0B0D555 /* libyaml-cpp.a */ = {isa = PBXFileReference; lastKnownFileType = "wrapper.pb-project"; name = yaml-cpp.xcodeproj; path = "vendor/yaml-cpp/yaml-cpp.xcodeproj"; sourceTree = SOURCE_ROOT; };
		AA7600E201036B54D97C7F22 /* Timestep.h */ = {isa = PBXFileReference; lastKnownFileType = sourcecode.c.h; name = Timestep.h; path = src/Core/Timestep.h; sourceTree = "<group>"; };
		AE0ED4D6C8DB4388CCABDB16 /* libimgui.a */ = {isa = PBXFileReference; lastKnownFileType = "wrapper.pb-project"; name = "imgui.xcodeproj"; path = "vendor/imgui-master/imgui.xcodeproj"; sourceTree = SOURCE_ROOT; };
		B56DA6B2AF2F6324E92E64F2 /* LayerStack.hpp */ = {isa = PBXFileReference; lastKnownFileType = text; name = LayerStack.hpp; path = src/Core/LayerStack.hpp; sourceTree = "<group>"; };
		BD83E9688411E0DAF21407A8 /* TextureManager.cpp */ = {isa = PBXFileReference; lastKnownFileType = sourcecode.cpp.cpp; name = TextureManager.cpp; path = src/Renderer/TextureManager.cpp; sourceTree = "<group>"; };
		D39B900A23AF24BCA62D564A /* pch.h */ = {isa = PBXFileReference; lastKnownFileType = sourcecode.c.h; name = pch.h; path = src/pch.h; sourceTree = "<group>"; };
		D9D422BAD395DF2C0D94E0FA /* EntryPoint.cpp */ = {isa = PBXFileReference; lastKnownFileType = sourcecode.cpp.cpp; name = EntryPoint.cpp; path = src/Core/EntryPoint.cpp; sourceTree = "<group>"; };
		E649F44A576C953C0D33428A /* Application.cpp */ = {isa = PBXFileReference; lastKnownFileType = sourcecode.cpp.cpp; name = Application.cpp; path = src/Core/Application.cpp; sourceTree = "<group>"; };
		E7158C3108E1396345966271 /* Object.cpp */ = {isa = PBXFileReference; lastKnownFileType = sourcecode.cpp.cpp; name = Object.cpp; path = src/Objects/Object.cpp; sourceTree = "<group>"; };
		E7721B89196B663B934AA1C9 /* Component.cpp */ = {isa = PBXFileReference; lastKnownFileType = sourcecode.cpp.cpp; name = Component.cpp; path = src/Objects/Component.cpp; sourceTree = "<group>"; };
		EB99A5841D92F03697722BC4 /* ImGuiLayer.cpp */ = {isa = PBXFileReference; lastKnownFileType = sourcecode.cpp.cpp; name = ImGuiLayer.cpp; path = src/ImGui/ImGuiLayer.cpp; sourceTree = "<group>"; };
		F4D0EB50EE36ECC2E1D24990 /* UUID.cpp */ = {isa = PBXFileReference; lastKnownFileType = sourcecode.cpp.cpp; name = UUID.cpp; path = src/Core/UUID.cpp; sourceTree = "<group>"; };
		FA4B7D66FAFE7A586EE04BA6 /* Log.cpp */ = {isa = PBXFileReference; lastKnownFileType = sourcecode.cpp.cpp; name = Log.cpp; path = src/Core/Log.cpp; sourceTree = "<group>"; };
		FC6FCA26E75BF0182F41B866 /* Layer.hpp */ = {isa = PBXFileReference; lastKnownFileType = text; name = Layer.hpp; path = src/Core/Layer.hpp; sourceTree = "<group>"; };
/* End PBXFileReference section */

/* Begin PBXFrameworksBuildPhase section */
		90E46773B70A97251E118DB3 /* Frameworks */ = {
			isa = PBXFrameworksBuildPhase;
			buildActionMask = 2147483647;
			files = (
				5145F849E992DDFB17D9DE89 /* libimgui.a in Frameworks */,
				FBF2A9C1ECEA17B358ED9801 /* libyaml-cpp.a in Frameworks */,
			);
			runOnlyForDeploymentPostprocessing = 0;
		};
/* End PBXFrameworksBuildPhase section */

/* Begin PBXCopyFilesBuildPhase section */
		3167609F79D844D1BE7716DF /* Embed Libraries */ = {
			isa = PBXCopyFilesBuildPhase;
			buildActionMask = 2147483647;
			dstPath = "";
			dstSubfolderSpec = 10;
			files = (
			);
			name = "Embed Libraries";
			runOnlyForDeploymentPostprocessing = 0;
		};
/* End PBXCopyFilesBuildPhase section */

/* Begin PBXGroup section */
		059355F6090428288A70CC36 /* Renderer */ = {
			isa = PBXGroup;
			children = (
				9356FFACE9E46A1EC25D7DEC /* Camera.h */,
				030E1C8AC5CE7CFC23035ACA /* CameraController.cpp */,
				86DAC8B4499B2926A6D006F4 /* CameraController.hpp */,
				09EEA1B07716B02278A99FF0 /* EditorCamera.cpp */,
				A56AE35A1292F1CC1425E19A /* EditorCamera.hpp */,
				BD83E9688411E0DAF21407A8 /* TextureManager.cpp */,
				638C38522A1A2FC4981C5692 /* TextureManager.hpp */,
			);
			name = Renderer;
			sourceTree = "<group>";
		};
		107B7994608F0E46E30D3FD4 /* SpectralEngine */ = {
			isa = PBXGroup;
			children = (
				4C600ADAF8C2CB0CB74B411A /* Core */,
				77D3A4E0999F5212D6547B20 /* HashString.cpp */,
				71009B1EC1142FD04392615E /* ImGui */,
				80EB0F1C253DACCE3775F55C /* Objects */,
				059355F6090428288A70CC36 /* Renderer */,
				26D9ED703DEC88A22E0883B0 /* Spectral.h */,
				D39B900A23AF24BCA62D564A /* pch.h */,
				A6C936B49B3FADE6EA134CF4 /* Products */,
				9D968EAA920D05DCE0E0A4EA /* Projects */,
			);
			name = SpectralEngine;
			sourceTree = "<group>";
		};
		35AA44258C37AE9764B0C265 /* Products */ = {
			isa = PBXGroup;
			children = (
				75DBF5C90E28DB7B3C6FDC09 /* libyaml-cpp.a */,
			);
			name = Products;
			sourceTree = "<group>";
		};
		4C600ADAF8C2CB0CB74B411A /* Core */ = {
			isa = PBXGroup;
			children = (
				E649F44A576C953C0D33428A /* Application.cpp */,
				670532D4D827D3C68DEE8114 /* Application.hpp */,
				D9D422BAD395DF2C0D94E0FA /* EntryPoint.cpp */,
				1F12FB5C09FF214E51E4E99C /* Layer.cpp */,
				FC6FCA26E75BF0182F41B866 /* Layer.hpp */,
				348BACC82E4D693A684C6B08 /* LayerStack.cpp */,
				B56DA6B2AF2F6324E92E64F2 /* LayerStack.hpp */,
				FA4B7D66FAFE7A586EE04BA6 /* Log.cpp */,
				643AC6F064EDC3E2D8CF9530 /* Log.hpp */,
				281DF83E130A1E305AEFE67E /* Scene.cpp */,
				057AC708F066ECFA384CB548 /* Scene.hpp */,
				AA7600E201036B54D97C7F22 /* Timestep.h */,
				F4D0EB50EE36ECC2E1D24990 /* UUID.cpp */,
				80436D7A79A96EEC6D44CBBA /* UUID.hpp */,
				1CC4E5B2735250244BCB63F2 /* Window.cpp */,
				8955951CDFE2FF8EB85C135C /* Window.hpp */,
			);
			name = Core;
			sourceTree = "<group>";
		};
		71009B1EC1142FD04392615E /* ImGui */ = {
			isa = PBXGroup;
			children = (
				EB99A5841D92F03697722BC4 /* ImGuiLayer.cpp */,
				6C54E40E9E4E2EC0182D6A4E /* ImGuiLayer.hpp */,
			);
			name = ImGui;
			sourceTree = "<group>";
		};
		80EB0F1C253DACCE3775F55C /* Objects */ = {
			isa = PBXGroup;
			children = (
				E7721B89196B663B934AA1C9 /* Component.cpp */,
				632F32B395287D650F07B8F3 /* Component.hpp */,
				E7158C3108E1396345966271 /* Object.cpp */,
				9684557BB85002ADF5052BBB /* Object.hpp */,
			);
			name = Objects;
			sourceTree = "<group>";
		};
		9D968EAA920D05DCE0E0A4EA /* Projects */ = {
			isa = PBXGroup;
			children = (
				AE0ED4D6C8DB4388CCABDB16 /* imgui.xcodeproj */,
				A6B93F15A65C2247E0B0D555 /* yaml-cpp.xcodeproj */,
			);
			name = Projects;
			sourceTree = "<group>";
		};
		A6C936B49B3FADE6EA134CF4 /* Products */ = {
			isa = PBXGroup;
			children = (
				9CD1BB83C50C7435ACA801C3 /* libSpectralEngine.a */,
			);
			name = Products;
			sourceTree = "<group>";
		};
		BD2FB27DE355E22F4A5CD8BD /* Products */ = {
			isa = PBXGroup;
			children = (
				73ECEF51B83B94C3FA62CD91 /* libimgui.a */,
			);
			name = Products;
			sourceTree = "<group>";
		};
/* End PBXGroup section */

/* Begin PBXNativeTarget section */
		8ABEAF09E14C197BB9C52D49 /* SpectralEngine */ = {
			isa = PBXNativeTarget;
			buildConfigurationList = 7F1FAFD2A545DF840C4CD612 /* Build configuration list for PBXNativeTarget "SpectralEngine" */;
			buildPhases = (
				00CBE81326F217C58DF90E53 /* Resources */,
				6A79016A909F311CF7A627AA /* Sources */,
				90E46773B70A97251E118DB3 /* Frameworks */,
				3167609F79D844D1BE7716DF /* Embed Libraries */,
			);
			buildRules = (
			);
			dependencies = (
				AAE7EF86D10E1F38381515C6 /* PBXTargetDependency */,
				2362812E79EFEBA05268FF6E /* PBXTargetDependency */,
			);
			name = SpectralEngine;
			productName = SpectralEngine;
			productReference = 9CD1BB83C50C7435ACA801C3 /* libSpectralEngine.a */;
			productType = "com.apple.product-type.library.static";
		};
/* End PBXNativeTarget section */

/* Begin PBXProject section */
		08FB7793FE84155DC02AAC07 /* Project object */ = {
			isa = PBXProject;
			buildConfigurationList = 1DEB928908733DD80010E9CD /* Build configuration list for PBXProject "SpectralEngine" */;
			compatibilityVersion = "Xcode 3.2";
			hasScannedForEncodings = 1;
			mainGroup = 107B7994608F0E46E30D3FD4 /* SpectralEngine */;
			projectDirPath = "";
			projectReferences = (
				{
					ProductGroup = BD2FB27DE355E22F4A5CD8BD /* Products */;
					ProjectRef = AE0ED4D6C8DB4388CCABDB16 /* imgui.xcodeproj */;
				},
				{
					ProductGroup = 35AA44258C37AE9764B0C265 /* Products */;
					ProjectRef = A6B93F15A65C2247E0B0D555 /* yaml-cpp.xcodeproj */;
				},
			);
			projectRoot = "";
			targets = (
				8ABEAF09E14C197BB9C52D49 /* libSpectralEngine.a */,
			);
		};
/* End PBXProject section */

/* Begin PBXReferenceProxy section */
		73ECEF51B83B94C3FA62CD91 /* libimgui.a */ = {
			isa = PBXReferenceProxy;
			fileType = archive.ar;
			path = libimgui.a;
			remoteRef = B4A4CCDD9F90F2CFE776BB1D /* PBXContainerItemProxy */;
			sourceTree = BUILT_PRODUCTS_DIR;
		};
		75DBF5C90E28DB7B3C6FDC09 /* libyaml-cpp.a */ = {
			isa = PBXReferenceProxy;
			fileType = archive.ar;
			path = "libyaml-cpp.a";
			remoteRef = 3C71938564AC4C374C47D9C5 /* PBXContainerItemProxy */;
			sourceTree = BUILT_PRODUCTS_DIR;
		};
/* End PBXReferenceProxy section */

/* Begin PBXResourcesBuildPhase section */
		00CBE81326F217C58DF90E53 /* Resources */ = {
			isa = PBXResourcesBuildPhase;
			buildActionMask = 2147483647;
			files = (
			);
			runOnlyForDeploymentPostprocessing = 0;
		};
/* End PBXResourcesBuildPhase section */

/* Begin PBXSourcesBuildPhase section */
		6A79016A909F311CF7A627AA /* Sources */ = {
			isa = PBXSourcesBuildPhase;
			buildActionMask = 2147483647;
			files = (
				5D1E88C2A13259F49503DF02 /* Application.cpp in Sources */,
				8A08B1329C328DE4D0237772 /* EntryPoint.cpp in Sources */,
				A6A71FF4F40A16266A291634 /* Layer.cpp in Sources */,
				892F05209B58E1D2CF49CB60 /* LayerStack.cpp in Sources */,
				C341A99EE50D56D021C27FDE /* Log.cpp in Sources */,
				DD22AFF62A85A628A0A4A636 /* Scene.cpp in Sources */,
				BD40C62880AC87DABF502C68 /* UUID.cpp in Sources */,
				3B0B33AA6D047E5CE6E3B9EA /* Window.cpp in Sources */,
				AF97F738F3E69CAA360DD578 /* HashString.cpp in Sources */,
				C5C0767C1D25E96ECF3404BC /* ImGuiLayer.cpp in Sources */,
				F7DFB5E14F4528D301534421 /* Component.cpp in Sources */,
				98562209DCA4C77B1ECC0049 /* Object.cpp in Sources */,
				B37B8422515C84D428DACA62 /* CameraController.cpp in Sources */,
				05E1D0A820AE3F5A247ED6E8 /* EditorCamera.cpp in Sources */,
				A4F6B9E018DF31923B2CE020 /* TextureManager.cpp in Sources */,
			);
			runOnlyForDeploymentPostprocessing = 0;
		};
/* End PBXSourcesBuildPhase section */

/* Begin PBXTargetDependency section */
		2362812E79EFEBA05268FF6E /* PBXTargetDependency */ = {
			isa = PBXTargetDependency;
			name = "libyaml-cpp.a";
			targetProxy = 8EAC061EB6E6BED09E824C5E /* PBXContainerItemProxy */;
		};
		AAE7EF86D10E1F38381515C6 /* PBXTargetDependency */ = {
			isa = PBXTargetDependency;
			name = libimgui.a;
			targetProxy = 06DF3F76F1CB656839B12DB6 /* PBXContainerItemProxy */;
		};
/* End PBXTargetDependency section */

/* Begin PBXVariantGroup section */
/* End PBXVariantGroup section */

/* Begin XCBuildConfiguration section */
		2A137F9D2379810F1714DDDD /* Release */ = {
			isa = XCBuildConfiguration;
			buildSettings = {
				ARCHS = "$(NATIVE_ARCH_ACTUAL)";
				CLANG_CXX_LANGUAGE_STANDARD = "c++2a";
				CONFIGURATION_BUILD_DIR = "$(SYMROOT)";
				CONFIGURATION_TEMP_DIR = "$(OBJROOT)";
				GCC_OPTIMIZATION_LEVEL = 0;
				GCC_PREPROCESSOR_DEFINITIONS = (
					PLATFORM_DESKTOP,
					GRAPHICS_API_OPENGL_33,
				);
				GCC_SYMBOLS_PRIVATE_EXTERN = NO;
				GCC_WARN_ABOUT_RETURN_TYPE = YES;
				GCC_WARN_UNUSED_VARIABLE = YES;
				OBJROOT = obj/Release;
				ONLY_ACTIVE_ARCH = NO;
				SYMROOT = ../bin/_Release/SpectralEngine;
				SYSTEM_HEADER_SEARCH_PATHS = (
					vendor/spdlog/include,
					"$(inherited)",
				);
				USER_HEADER_SEARCH_PATHS = (
					src,
					vendor/spdlog/include,
					"vendor/imgui-master",
					"vendor/yaml-cpp/include",
					"vendor/raylib-master/src",
					"vendor/raylib-master/src/external",
					"vendor/raylib-master/src/external/glfw/include",
				);
			};
			name = Release;
		};
		5DDD7092F3542FC461F086D2 /* Release */ = {
			isa = XCBuildConfiguration;
			buildSettings = {
				ALWAYS_SEARCH_USER_PATHS = NO;
				CONFIGURATION_BUILD_DIR = ../bin/_Release/SpectralEngine;
				DEBUG_INFORMATION_FORMAT = "dwarf-with-dsym";
				GCC_DYNAMIC_NO_PIC = NO;
				INSTALL_PATH = /usr/local/lib;
				PRODUCT_NAME = SpectralEngine;
			};
			name = Release;
		};
		80D80F98B2D15A4A2CB095D8 /* Debug */ = {
			isa = XCBuildConfiguration;
			buildSettings = {
				ALWAYS_SEARCH_USER_PATHS = NO;
				CONFIGURATION_BUILD_DIR = ../bin/_Debug/SpectralEngine;
				DEBUG_INFORMATION_FORMAT = "dwarf-with-dsym";
				GCC_DYNAMIC_NO_PIC = NO;
				INSTALL_PATH = /usr/local/lib;
				PRODUCT_NAME = SpectralEngine;
			};
			name = Debug;
		};
		D6ACF0A3D75FED954B41BEE3 /* Debug */ = {
			isa = XCBuildConfiguration;
			buildSettings = {
				ARCHS = "$(NATIVE_ARCH_ACTUAL)";
				CLANG_CXX_LANGUAGE_STANDARD = "c++2a";
				CONFIGURATION_BUILD_DIR = "$(SYMROOT)";
				CONFIGURATION_TEMP_DIR = "$(OBJROOT)";
				GCC_OPTIMIZATION_LEVEL = 0;
				GCC_PREPROCESSOR_DEFINITIONS = (
					PLATFORM_DESKTOP,
					GRAPHICS_API_OPENGL_33,
				);
				GCC_SYMBOLS_PRIVATE_EXTERN = NO;
				GCC_WARN_ABOUT_RETURN_TYPE = YES;
				GCC_WARN_UNUSED_VARIABLE = YES;
				OBJROOT = obj/Debug;
				ONLY_ACTIVE_ARCH = NO;
				SYMROOT = ../bin/_Debug/SpectralEngine;
				SYSTEM_HEADER_SEARCH_PATHS = (
					vendor/spdlog/include,
					"$(inherited)",
				);
				USER_HEADER_SEARCH_PATHS = (
					src,
					vendor/spdlog/include,
					"vendor/imgui-master",
					"vendor/yaml-cpp/include",
					"vendor/raylib-master/src",
					"vendor/raylib-master/src/external",
					"vendor/raylib-master/src/external/glfw/include",
				);
			};
			name = Debug;
		};
/* End XCBuildConfiguration section */

/* Begin XCConfigurationList section */
		1DEB928908733DD80010E9CD /* Build configuration list for PBXProject "SpectralEngine" */ = {
			isa = XCConfigurationList;
			buildConfigurations = (
				D6ACF0A3D75FED954B41BEE3 /* Debug */,
				2A137F9D2379810F1714DDDD /* Release */,
			);
			defaultConfigurationIsVisible = 0;
			defaultConfigurationName = Debug;
		};
		7F1FAFD2A545DF840C4CD612 /* Build configuration list for PBXNativeTarget "libSpectralEngine.a" */ = {
			isa = XCConfigurationList;
			buildConfigurations = (
				80D80F98B2D15A4A2CB095D8 /* Debug */,
				5DDD7092F3542FC461F086D2 /* Release */,
			);
			defaultConfigurationIsVisible = 0;
			defaultConfigurationName = Debug;
		};
/* End XCConfigurationList section */
};
rootObject = 08FB7793FE84155DC02AAC07 /* Project object */;
}