// !$*UTF8*$!
{
	archiveVersion = 1;
	classes = {
	};
	objectVersion = 46;
	objects = {

/* Begin PBXBuildFile section */
		1817955824A247CA9F871398 /* CoreFoundation.framework in Frameworks */ = {isa = PBXBuildFile; fileRef = EA5C1300C9792D32A5828940 /* CoreFoundation.framework */; };
		2452B4CFBEAC9DC1FAE5030F /* libraylib.a in Frameworks */ = {isa = PBXBuildFile; fileRef = F9A65ED797875F896F05A517 /* libraylib.a */; };
		24C5E87FD8C201B1BA743EBF /* libSpectralEngine.a in Frameworks */ = {isa = PBXBuildFile; fileRef = 476CFC67E1C6E5591DFF4AA7 /* libSpectralEngine.a */; };
		2A7DAC6A1E7CF5DCA3680AAA /* AudioToolbox.framework in Frameworks */ = {isa = PBXBuildFile; fileRef = 6E0E03F2B221D524A5F35A32 /* AudioToolbox.framework */; };
		6EC3C912DFE66A0495AD1752 /* EditorApp.cpp in Sources */ = {isa = PBXBuildFile; fileRef = 5112DF1A794D97CC60E9255A /* EditorApp.cpp */; };
		713678D803C442CA6C9CE718 /* IOKit.framework in Frameworks */ = {isa = PBXBuildFile; fileRef = 0BACC980CF188B320DBC2FC0 /* IOKit.framework */; };
		7969B48A0BF77E7C74D022CA /* EditorLayer.cpp in Sources */ = {isa = PBXBuildFile; fileRef = 1ECFCD12E23B8EC420DF3352 /* EditorLayer.cpp */; };
		840EA602F136B474F2C9A442 /* OpenGL.framework in Frameworks */ = {isa = PBXBuildFile; fileRef = 19352E0A6698243CDCB7244A /* OpenGL.framework */; };
		89BBB74E2BA5534022CC658E /* CoreAudio.framework in Frameworks */ = {isa = PBXBuildFile; fileRef = 1FAF1596EDD2694874E0BBD6 /* CoreAudio.framework */; };
		9223EFD8340D8BCA2B349E18 /* CoreVideo.framework in Frameworks */ = {isa = PBXBuildFile; fileRef = 606C44802E8F9832B59DEAC0 /* CoreVideo.framework */; };
		C8BE8AD2C8616E0402B62112 /* HierarchyPanel.cpp in Sources */ = {isa = PBXBuildFile; fileRef = ABAE78FA0313EBECB522073A /* HierarchyPanel.cpp */; };
		F8E8DBA28B76A594F44F49E2 /* Cocoa.framework in Frameworks */ = {isa = PBXBuildFile; fileRef = 8D6BC6AA50D7885C8F7B2CEA /* Cocoa.framework */; };
/* End PBXBuildFile section */

/* Begin PBXContainerItemProxy section */
		1D43E60F6AA6DC41E0C5DC4F /* PBXContainerItemProxy */ = {
			isa = PBXContainerItemProxy;
			containerPortal = 5A4D003647B492E8E4AE8676 /* ../SpectralEngine/SpectralEngine.xcodeproj */;
			proxyType = 1;
			remoteGlobalIDString = 8ABEAF09E14C197BB9C52D49;
			remoteInfo = libSpectralEngine.a;
		};
		4AFC145E936CF890D80BCA9E /* PBXContainerItemProxy */ = {
			isa = PBXContainerItemProxy;
			containerPortal = BE593ABC54824CAE15E8A8FC /* ../SpectralEngine/vendor/raylib-master/raylib.xcodeproj */;
			proxyType = 1;
			remoteGlobalIDString = 51EF3798C37A500A727B75D8;
			remoteInfo = libraylib.a;
		};
		CB097376186C69A88E8B69B6 /* PBXContainerItemProxy */ = {
			isa = PBXContainerItemProxy;
			containerPortal = 5A4D003647B492E8E4AE8676 /* ../SpectralEngine/SpectralEngine.xcodeproj */;
			proxyType = 2;
			remoteGlobalIDString = 9CD1BB83C50C7435ACA801C3;
			remoteInfo = libSpectralEngine.a;
		};
		F8C1A1C5413285F785D15805 /* PBXContainerItemProxy */ = {
			isa = PBXContainerItemProxy;
			containerPortal = BE593ABC54824CAE15E8A8FC /* ../SpectralEngine/vendor/raylib-master/raylib.xcodeproj */;
			proxyType = 2;
			remoteGlobalIDString = 4A1355F2ED017CA47C275C32;
			remoteInfo = libraylib.a;
		};
/* End PBXContainerItemProxy section */

/* Begin PBXFileReference section */
		0BACC980CF188B320DBC2FC0 /* IOKit.framework */ = {isa = PBXFileReference; lastKnownFileType = wrapper.framework; name = IOKit.framework; path = System/Library/Frameworks/IOKit.framework; sourceTree = SDKROOT; };
		19352E0A6698243CDCB7244A /* OpenGL.framework */ = {isa = PBXFileReference; lastKnownFileType = wrapper.framework; name = OpenGL.framework; path = System/Library/Frameworks/OpenGL.framework; sourceTree = SDKROOT; };
		1ECFCD12E23B8EC420DF3352 /* EditorLayer.cpp */ = {isa = PBXFileReference; lastKnownFileType = sourcecode.cpp.cpp; name = EditorLayer.cpp; path = src/EditorLayer.cpp; sourceTree = "<group>"; };
		1FAF1596EDD2694874E0BBD6 /* CoreAudio.framework */ = {isa = PBXFileReference; lastKnownFileType = wrapper.framework; name = CoreAudio.framework; path = System/Library/Frameworks/CoreAudio.framework; sourceTree = SDKROOT; };
		24A4812E1E0A82A011A5DF6E /* SpectralEditor */ = {isa = PBXFileReference; explicitFileType = "compiled.mach-o.executable"; includeInIndex = 0; name = SpectralEditor; path = SpectralEditor; sourceTree = BUILT_PRODUCTS_DIR; };
		472ABAA49E902D96509E48E4 /* HierarchyPanel.hpp */ = {isa = PBXFileReference; lastKnownFileType = text; name = HierarchyPanel.hpp; path = src/Panels/HierarchyPanel.hpp; sourceTree = "<group>"; };
		5112DF1A794D97CC60E9255A /* EditorApp.cpp */ = {isa = PBXFileReference; lastKnownFileType = sourcecode.cpp.cpp; name = EditorApp.cpp; path = src/EditorApp.cpp; sourceTree = "<group>"; };
		5A4D003647B492E8E4AE8676 /* libSpectralEngine.a */ = {isa = PBXFileReference; lastKnownFileType = "wrapper.pb-project"; name = "SpectralEngine.xcodeproj"; path = ../SpectralEngine/SpectralEngine.xcodeproj; sourceTree = SOURCE_ROOT; };
		606C44802E8F9832B59DEAC0 /* CoreVideo.framework */ = {isa = PBXFileReference; lastKnownFileType = wrapper.framework; name = CoreVideo.framework; path = System/Library/Frameworks/CoreVideo.framework; sourceTree = SDKROOT; };
		6E0E03F2B221D524A5F35A32 /* AudioToolbox.framework */ = {isa = PBXFileReference; lastKnownFileType = wrapper.framework; name = AudioToolbox.framework; path = System/Library/Frameworks/AudioToolbox.framework; sourceTree = SDKROOT; };
		8B607C7C4ECC3E2E8D6FE2BC /* EditorLayer.hpp */ = {isa = PBXFileReference; lastKnownFileType = text; name = EditorLayer.hpp; path = src/EditorLayer.hpp; sourceTree = "<group>"; };
		8D6BC6AA50D7885C8F7B2CEA /* Cocoa.framework */ = {isa = PBXFileReference; lastKnownFileType = wrapper.framework; name = Cocoa.framework; path = System/Library/Frameworks/Cocoa.framework; sourceTree = SDKROOT; };
		ABAE78FA0313EBECB522073A /* HierarchyPanel.cpp */ = {isa = PBXFileReference; lastKnownFileType = sourcecode.cpp.cpp; name = HierarchyPanel.cpp; path = src/Panels/HierarchyPanel.cpp; sourceTree = "<group>"; };
		BE593ABC54824CAE15E8A8FC /* libraylib.a */ = {isa = PBXFileReference; lastKnownFileType = "wrapper.pb-project"; name = "raylib.xcodeproj"; path = "../SpectralEngine/vendor/raylib-master/raylib.xcodeproj"; sourceTree = SOURCE_ROOT; };
		EA5C1300C9792D32A5828940 /* CoreFoundation.framework */ = {isa = PBXFileReference; lastKnownFileType = wrapper.framework; name = CoreFoundation.framework; path = System/Library/Frameworks/CoreFoundation.framework; sourceTree = SDKROOT; };
/* End PBXFileReference section */

/* Begin PBXFrameworksBuildPhase section */
		FB990F9E6D2428101C254DDE /* Frameworks */ = {
			isa = PBXFrameworksBuildPhase;
			buildActionMask = 2147483647;
			files = (
				840EA602F136B474F2C9A442 /* OpenGL.framework in Frameworks */,
				F8E8DBA28B76A594F44F49E2 /* Cocoa.framework in Frameworks */,
				713678D803C442CA6C9CE718 /* IOKit.framework in Frameworks */,
				1817955824A247CA9F871398 /* CoreFoundation.framework in Frameworks */,
				89BBB74E2BA5534022CC658E /* CoreAudio.framework in Frameworks */,
				9223EFD8340D8BCA2B349E18 /* CoreVideo.framework in Frameworks */,
				2A7DAC6A1E7CF5DCA3680AAA /* AudioToolbox.framework in Frameworks */,
				2452B4CFBEAC9DC1FAE5030F /* libraylib.a in Frameworks */,
				24C5E87FD8C201B1BA743EBF /* libSpectralEngine.a in Frameworks */,
			);
			runOnlyForDeploymentPostprocessing = 0;
		};
/* End PBXFrameworksBuildPhase section */

/* Begin PBXCopyFilesBuildPhase section */
		1BE6BF8A1C99BC7C907B8DCA /* Embed Libraries */ = {
			isa = PBXCopyFilesBuildPhase;
			buildActionMask = 2147483647;
			dstPath = "";
			dstSubfolderSpec = 10;
			files = (
			);
			name = "Embed Libraries";
			runOnlyForDeploymentPostprocessing = 0;
		};
/* End PBXCopyFilesBuildPhase section */

/* Begin PBXGroup section */
		05118A65EFFDB05737E378A5 /* Products */ = {
			isa = PBXGroup;
			children = (
				F9A65ED797875F896F05A517 /* libraylib.a */,
			);
			name = Products;
			sourceTree = "<group>";
		};
		9D968EAA920D05DCE0E0A4EA /* Projects */ = {
			isa = PBXGroup;
			children = (
				BE593ABC54824CAE15E8A8FC /* raylib.xcodeproj */,
				5A4D003647B492E8E4AE8676 /* SpectralEngine.xcodeproj */,
			);
			name = Projects;
			sourceTree = "<group>";
		};
		A6C936B49B3FADE6EA134CF4 /* Products */ = {
			isa = PBXGroup;
			children = (
				24A4812E1E0A82A011A5DF6E /* SpectralEditor */,
			);
			name = Products;
			sourceTree = "<group>";
		};
		AE23BCC5FE37517780B58305 /* SpectralEditor */ = {
			isa = PBXGroup;
			children = (
				5112DF1A794D97CC60E9255A /* EditorApp.cpp */,
				1ECFCD12E23B8EC420DF3352 /* EditorLayer.cpp */,
				8B607C7C4ECC3E2E8D6FE2BC /* EditorLayer.hpp */,
				F8C6F20E9C127B40B6E3484E /* Panels */,
				BBF76781A7E87333FA200DC1 /* Frameworks */,
				A6C936B49B3FADE6EA134CF4 /* Products */,
				9D968EAA920D05DCE0E0A4EA /* Projects */,
			);
			name = SpectralEditor;
			sourceTree = "<group>";
		};
		BBF76781A7E87333FA200DC1 /* Frameworks */ = {
			isa = PBXGroup;
			children = (
				19352E0A6698243CDCB7244A /* OpenGL.framework */,
				8D6BC6AA50D7885C8F7B2CEA /* Cocoa.framework */,
				0BACC980CF188B320DBC2FC0 /* IOKit.framework */,
				EA5C1300C9792D32A5828940 /* CoreFoundation.framework */,
				1FAF1596EDD2694874E0BBD6 /* CoreAudio.framework */,
				606C44802E8F9832B59DEAC0 /* CoreVideo.framework */,
				6E0E03F2B221D524A5F35A32 /* AudioToolbox.framework */,
			);
			name = Frameworks;
			sourceTree = "<group>";
		};
		BDDD69F6EEC161E801D99836 /* Products */ = {
			isa = PBXGroup;
			children = (
				476CFC67E1C6E5591DFF4AA7 /* libSpectralEngine.a */,
			);
			name = Products;
			sourceTree = "<group>";
		};
		F8C6F20E9C127B40B6E3484E /* Panels */ = {
			isa = PBXGroup;
			children = (
				ABAE78FA0313EBECB522073A /* HierarchyPanel.cpp */,
				472ABAA49E902D96509E48E4 /* HierarchyPanel.hpp */,
			);
			name = Panels;
			sourceTree = "<group>";
		};
/* End PBXGroup section */

/* Begin PBXNativeTarget section */
		C529EB54DC3C8686CC588194 /* SpectralEditor */ = {
			isa = PBXNativeTarget;
			buildConfigurationList = E9D457FD5B5F706F0A60963D /* Build configuration list for PBXNativeTarget "SpectralEditor" */;
			buildPhases = (
				6B80903EDD0BA8B08C0CCE7E /* Resources */,
				D52DA99546B8C207F5B9E7D5 /* Sources */,
				FB990F9E6D2428101C254DDE /* Frameworks */,
				1BE6BF8A1C99BC7C907B8DCA /* Embed Libraries */,
			);
			buildRules = (
			);
			dependencies = (
				F2C9C76EDDB5ED60259BB5AE /* PBXTargetDependency */,
				AB95A6FFDC799EF1EF91D53F /* PBXTargetDependency */,
			);
			name = SpectralEditor;
			productInstallPath = "$(HOME)/bin";
			productName = SpectralEditor;
			productReference = 24A4812E1E0A82A011A5DF6E /* SpectralEditor */;
			productType = "com.apple.product-type.tool";
		};
/* End PBXNativeTarget section */

/* Begin PBXProject section */
		08FB7793FE84155DC02AAC07 /* Project object */ = {
			isa = PBXProject;
			buildConfigurationList = 1DEB928908733DD80010E9CD /* Build configuration list for PBXProject "SpectralEditor" */;
			compatibilityVersion = "Xcode 3.2";
			hasScannedForEncodings = 1;
			mainGroup = AE23BCC5FE37517780B58305 /* SpectralEditor */;
			projectDirPath = "";
			projectReferences = (
				{
					ProductGroup = 05118A65EFFDB05737E378A5 /* Products */;
					ProjectRef = BE593ABC54824CAE15E8A8FC /* raylib.xcodeproj */;
				},
				{
					ProductGroup = BDDD69F6EEC161E801D99836 /* Products */;
					ProjectRef = 5A4D003647B492E8E4AE8676 /* SpectralEngine.xcodeproj */;
				},
			);
			projectRoot = "";
			targets = (
				C529EB54DC3C8686CC588194 /* SpectralEditor */,
			);
		};
/* End PBXProject section */

/* Begin PBXReferenceProxy section */
		476CFC67E1C6E5591DFF4AA7 /* libSpectralEngine.a */ = {
			isa = PBXReferenceProxy;
			fileType = archive.ar;
			path = libSpectralEngine.a;
			remoteRef = CB097376186C69A88E8B69B6 /* PBXContainerItemProxy */;
			sourceTree = BUILT_PRODUCTS_DIR;
		};
		F9A65ED797875F896F05A517 /* libraylib.a */ = {
			isa = PBXReferenceProxy;
			fileType = archive.ar;
			path = libraylib.a;
			remoteRef = F8C1A1C5413285F785D15805 /* PBXContainerItemProxy */;
			sourceTree = BUILT_PRODUCTS_DIR;
		};
/* End PBXReferenceProxy section */

/* Begin PBXResourcesBuildPhase section */
		6B80903EDD0BA8B08C0CCE7E /* Resources */ = {
			isa = PBXResourcesBuildPhase;
			buildActionMask = 2147483647;
			files = (
			);
			runOnlyForDeploymentPostprocessing = 0;
		};
/* End PBXResourcesBuildPhase section */

/* Begin PBXSourcesBuildPhase section */
		D52DA99546B8C207F5B9E7D5 /* Sources */ = {
			isa = PBXSourcesBuildPhase;
			buildActionMask = 2147483647;
			files = (
				6EC3C912DFE66A0495AD1752 /* EditorApp.cpp in Sources */,
				7969B48A0BF77E7C74D022CA /* EditorLayer.cpp in Sources */,
				C8BE8AD2C8616E0402B62112 /* HierarchyPanel.cpp in Sources */,
			);
			runOnlyForDeploymentPostprocessing = 0;
		};
/* End PBXSourcesBuildPhase section */

/* Begin PBXTargetDependency section */
		AB95A6FFDC799EF1EF91D53F /* PBXTargetDependency */ = {
			isa = PBXTargetDependency;
			name = libSpectralEngine.a;
			targetProxy = 1D43E60F6AA6DC41E0C5DC4F /* PBXContainerItemProxy */;
		};
		F2C9C76EDDB5ED60259BB5AE /* PBXTargetDependency */ = {
			isa = PBXTargetDependency;
			name = libraylib.a;
			targetProxy = 4AFC145E936CF890D80BCA9E /* PBXContainerItemProxy */;
		};
/* End PBXTargetDependency section */

/* Begin PBXVariantGroup section */
/* End PBXVariantGroup section */

/* Begin XCBuildConfiguration section */
		4CBF5043A800A3B57B5AEE83 /* Debug */ = {
			isa = XCBuildConfiguration;
			buildSettings = {
				ALWAYS_SEARCH_USER_PATHS = NO;
				CONFIGURATION_BUILD_DIR = ../bin/_Debug/SpectralEditor;
				DEBUG_INFORMATION_FORMAT = "dwarf-with-dsym";
				GCC_DYNAMIC_NO_PIC = NO;
				INSTALL_PATH = /usr/local/bin;
				PRODUCT_NAME = SpectralEditor;
			};
			name = Debug;
		};
		C09787FDF17B7FEF0493B63D /* Release */ = {
			isa = XCBuildConfiguration;
			buildSettings = {
				ALWAYS_SEARCH_USER_PATHS = NO;
				CONFIGURATION_BUILD_DIR = ../bin/_Release/SpectralEditor;
				DEBUG_INFORMATION_FORMAT = "dwarf-with-dsym";
				GCC_DYNAMIC_NO_PIC = NO;
				INSTALL_PATH = /usr/local/bin;
				PRODUCT_NAME = SpectralEditor;
			};
			name = Release;
		};
		DB565AF4DC0957E64FEB2934 /* Debug */ = {
			isa = XCBuildConfiguration;
			buildSettings = {
				ARCHS = "$(NATIVE_ARCH_ACTUAL)";
				CLANG_CXX_LANGUAGE_STANDARD = "c++2a";
				CONFIGURATION_BUILD_DIR = "$(SYMROOT)";
				CONFIGURATION_TEMP_DIR = "$(OBJROOT)";
				GCC_OPTIMIZATION_LEVEL = 0;
				GCC_PREPROCESSOR_DEFINITIONS = (
					PLATFORM_DESKTOP,
					GRAPHICS_API_OPENGL_33,
				);
				GCC_SYMBOLS_PRIVATE_EXTERN = NO;
				GCC_WARN_ABOUT_RETURN_TYPE = YES;
				GCC_WARN_UNUSED_VARIABLE = YES;
				OBJROOT = obj/Debug;
				ONLY_ACTIVE_ARCH = NO;
				SYMROOT = ../bin/_Debug/SpectralEditor;
				SYSTEM_HEADER_SEARCH_PATHS = (
					../SpectralEngine/vendor/spdlog/include,
					"$(inherited)",
				);
				USER_HEADER_SEARCH_PATHS = (
					src,
					../SpectralEngine/src,
					../SpectralEngine/vendor,
					../SpectralEngine/vendor/spdlog/include,
					"../SpectralEngine/vendor/imgui-master",
					"../SpectralEngine/vendor/yaml-cpp/include",
					"../SpectralEngine/vendor/raylib-master/src",
					"../SpectralEngine/vendor/raylib-master/src/external",
					"../SpectralEngine/vendor/raylib-master/src/external/glfw/include",
				);
			};
			name = Debug;
		};
		FEC0C22EF826C3A0EBC2206E /* Release */ = {
			isa = XCBuildConfiguration;
			buildSettings = {
				ARCHS = "$(NATIVE_ARCH_ACTUAL)";
				CLANG_CXX_LANGUAGE_STANDARD = "c++2a";
				CONFIGURATION_BUILD_DIR = "$(SYMROOT)";
				CONFIGURATION_TEMP_DIR = "$(OBJROOT)";
				GCC_OPTIMIZATION_LEVEL = 0;
				GCC_PREPROCESSOR_DEFINITIONS = (
					PLATFORM_DESKTOP,
					GRAPHICS_API_OPENGL_33,
				);
				GCC_SYMBOLS_PRIVATE_EXTERN = NO;
				GCC_WARN_ABOUT_RETURN_TYPE = YES;
				GCC_WARN_UNUSED_VARIABLE = YES;
				OBJROOT = obj/Release;
				ONLY_ACTIVE_ARCH = NO;
				SYMROOT = ../bin/_Release/SpectralEditor;
				SYSTEM_HEADER_SEARCH_PATHS = (
					../SpectralEngine/vendor/spdlog/include,
					"$(inherited)",
				);
				USER_HEADER_SEARCH_PATHS = (
					src,
					../SpectralEngine/src,
					../SpectralEngine/vendor,
					../SpectralEngine/vendor/spdlog/include,
					"../SpectralEngine/vendor/imgui-master",
					"../SpectralEngine/vendor/yaml-cpp/include",
					"../SpectralEngine/vendor/raylib-master/src",
					"../SpectralEngine/vendor/raylib-master/src/external",
					"../SpectralEngine/vendor/raylib-master/src/external/glfw/include",
				);
			};
			name = Release;
		};
/* End XCBuildConfiguration section */

/* Begin XCConfigurationList section */
		1DEB928908733DD80010E9CD /* Build configuration list for PBXProject "SpectralEditor" */ = {
			isa = XCConfigurationList;
			buildConfigurations = (
				DB565AF4DC0957E64FEB2934 /* Debug */,
				FEC0C22EF826C3A0EBC2206E /* Release */,
			);
			defaultConfigurationIsVisible = 0;
			defaultConfigurationName = Debug;
		};
		E9D457FD5B5F706F0A60963D /* Build configuration list for PBXNativeTarget "SpectralEditor" */ = {
			isa = XCConfigurationList;
			buildConfigurations = (
				4CBF5043A800A3B57B5AEE83 /* Debug */,
				C09787FDF17B7FEF0493B63D /* Release */,
			);
			defaultConfigurationIsVisible = 0;
			defaultConfigurationName = Debug;
		};
/* End XCConfigurationList section */
};
rootObject = 08FB7793FE84155DC02AAC07 /* Project object */;
}