// !$*UTF8*$!
{
	archiveVersion = 1;
	classes = {
	};
	objectVersion = 46;
	objects = {

/* Begin PBXBuildFile section */
		1817955824A247CA9F871398 /* CoreFoundation.framework in Frameworks */ = {isa = PBXBuildFile; fileRef = EA5C1300C9792D32A5828940 /* CoreFoundation.framework */; };
		2452B4CFBEAC9DC1FAE5030F /* libraylib.a in Frameworks */ = {isa = PBXBuildFile; fileRef = F9A65ED797875F896F05A517 /* libraylib.a */; };
		24C5E87FD8C201B1BA743EBF /* libSpectralEngine.a in Frameworks */ = {isa = PBXBuildFile; fileRef = 476CFC67E1C6E5591DFF4AA7 /* libSpectralEngine.a */; };
		2A7DAC6A1E7CF5DCA3680AAA /* AudioToolbox.framework in Frameworks */ = {isa = PBXBuildFile; fileRef = 6E0E03F2B221D524A5F35A32 /* AudioToolbox.framework */; };
		5569FCC299B8A234DBDFDB02 /* SandboxApp.cpp in Sources */ = {isa = PBXBuildFile; fileRef = EB5332CA0D1EDFFC49D4090A /* SandboxApp.cpp */; };
		713678D803C442CA6C9CE718 /* IOKit.framework in Frameworks */ = {isa = PBXBuildFile; fileRef = 0BACC980CF188B320DBC2FC0 /* IOKit.framework */; };
		840EA602F136B474F2C9A442 /* OpenGL.framework in Frameworks */ = {isa = PBXBuildFile; fileRef = 19352E0A6698243CDCB7244A /* OpenGL.framework */; };
		89BBB74E2BA5534022CC658E /* CoreAudio.framework in Frameworks */ = {isa = PBXBuildFile; fileRef = 1FAF1596EDD2694874E0BBD6 /* CoreAudio.framework */; };
		9223EFD8340D8BCA2B349E18 /* CoreVideo.framework in Frameworks */ = {isa = PBXBuildFile; fileRef = 606C44802E8F9832B59DEAC0 /* CoreVideo.framework */; };
		F8E8DBA28B76A594F44F49E2 /* Cocoa.framework in Frameworks */ = {isa = PBXBuildFile; fileRef = 8D6BC6AA50D7885C8F7B2CEA /* Cocoa.framework */; };
/* End PBXBuildFile section */

/* Begin PBXContainerItemProxy section */
		1D43E60F6AA6DC41E0C5DC4F /* PBXContainerItemProxy */ = {
			isa = PBXContainerItemProxy;
			containerPortal = 5A4D003647B492E8E4AE8676 /* ../SpectralEngine/SpectralEngine.xcodeproj */;
			proxyType = 1;
			remoteGlobalIDString = 8ABEAF09E14C197BB9C52D49;
			remoteInfo = libSpectralEngine.a;
		};
		4AFC145E936CF890D80BCA9E /* PBXContainerItemProxy */ = {
			isa = PBXContainerItemProxy;
			containerPortal = BE593ABC54824CAE15E8A8FC /* ../SpectralEngine/vendor/raylib-master/raylib.xcodeproj */;
			proxyType = 1;
			remoteGlobalIDString = 51EF3798C37A500A727B75D8;
			remoteInfo = libraylib.a;
		};
		CB097376186C69A88E8B69B6 /* PBXContainerItemProxy */ = {
			isa = PBXContainerItemProxy;
			containerPortal = 5A4D003647B492E8E4AE8676 /* ../SpectralEngine/SpectralEngine.xcodeproj */;
			proxyType = 2;
			remoteGlobalIDString = 9CD1BB83C50C7435ACA801C3;
			remoteInfo = libSpectralEngine.a;
		};
		F8C1A1C5413285F785D15805 /* PBXContainerItemProxy */ = {
			isa = PBXContainerItemProxy;
			containerPortal = BE593ABC54824CAE15E8A8FC /* ../SpectralEngine/vendor/raylib-master/raylib.xcodeproj */;
			proxyType = 2;
			remoteGlobalIDString = 4A1355F2ED017CA47C275C32;
			remoteInfo = libraylib.a;
		};
/* End PBXContainerItemProxy section */

/* Begin PBXFileReference section */
		0BACC980CF188B320DBC2FC0 /* IOKit.framework */ = {isa = PBXFileReference; lastKnownFileType = wrapper.framework; name = IOKit.framework; path = System/Library/Frameworks/IOKit.framework; sourceTree = SDKROOT; };
		19352E0A6698243CDCB7244A /* OpenGL.framework */ = {isa = PBXFileReference; lastKnownFileType = wrapper.framework; name = OpenGL.framework; path = System/Library/Frameworks/OpenGL.framework; sourceTree = SDKROOT; };
		1FAF1596EDD2694874E0BBD6 /* CoreAudio.framework */ = {isa = PBXFileReference; lastKnownFileType = wrapper.framework; name = CoreAudio.framework; path = System/Library/Frameworks/CoreAudio.framework; sourceTree = SDKROOT; };
		5A4D003647B492E8E4AE8676 /* libSpectralEngine.a */ = {isa = PBXFileReference; lastKnownFileType = "wrapper.pb-project"; name = "SpectralEngine.xcodeproj"; path = ../SpectralEngine/SpectralEngine.xcodeproj; sourceTree = SOURCE_ROOT; };
		606C44802E8F9832B59DEAC0 /* CoreVideo.framework */ = {isa = PBXFileReference; lastKnownFileType = wrapper.framework; name = CoreVideo.framework; path = System/Library/Frameworks/CoreVideo.framework; sourceTree = SDKROOT; };
		6E0E03F2B221D524A5F35A32 /* AudioToolbox.framework */ = {isa = PBXFileReference; lastKnownFileType = wrapper.framework; name = AudioToolbox.framework; path = System/Library/Frameworks/AudioToolbox.framework; sourceTree = SDKROOT; };
		8D6BC6AA50D7885C8F7B2CEA /* Cocoa.framework */ = {isa = PBXFileReference; lastKnownFileType = wrapper.framework; name = Cocoa.framework; path = System/Library/Frameworks/Cocoa.framework; sourceTree = SDKROOT; };
		BE593ABC54824CAE15E8A8FC /* libraylib.a */ = {isa = PBXFileReference; lastKnownFileType = "wrapper.pb-project"; name = "raylib.xcodeproj"; path = "../SpectralEngine/vendor/raylib-master/raylib.xcodeproj"; sourceTree = SOURCE_ROOT; };
		EA5C1300C9792D32A5828940 /* CoreFoundation.framework */ = {isa = PBXFileReference; lastKnownFileType = wrapper.framework; name = CoreFoundation.framework; path = System/Library/Frameworks/CoreFoundation.framework; sourceTree = SDKROOT; };
		EB5332CA0D1EDFFC49D4090A /* SandboxApp.cpp */ = {isa = PBXFileReference; lastKnownFileType = sourcecode.cpp.cpp; name = SandboxApp.cpp; path = src/SandboxApp.cpp; sourceTree = "<group>"; };
		F8CF3E989D21DC4AAF5A24D8 /* Sandbox */ = {isa = PBXFileReference; explicitFileType = "compiled.mach-o.executable"; includeInIndex = 0; name = Sandbox; path = Sandbox; sourceTree = BUILT_PRODUCTS_DIR; };
/* End PBXFileReference section */

/* Begin PBXFrameworksBuildPhase section */
		F9B9A80849CD3CBACC4B6E48 /* Frameworks */ = {
			isa = PBXFrameworksBuildPhase;
			buildActionMask = 2147483647;
			files = (
				840EA602F136B474F2C9A442 /* OpenGL.framework in Frameworks */,
				F8E8DBA28B76A594F44F49E2 /* Cocoa.framework in Frameworks */,
				713678D803C442CA6C9CE718 /* IOKit.framework in Frameworks */,
				1817955824A247CA9F871398 /* CoreFoundation.framework in Frameworks */,
				89BBB74E2BA5534022CC658E /* CoreAudio.framework in Frameworks */,
				9223EFD8340D8BCA2B349E18 /* CoreVideo.framework in Frameworks */,
				2A7DAC6A1E7CF5DCA3680AAA /* AudioToolbox.framework in Frameworks */,
				2452B4CFBEAC9DC1FAE5030F /* libraylib.a in Frameworks */,
				24C5E87FD8C201B1BA743EBF /* libSpectralEngine.a in Frameworks */,
			);
			runOnlyForDeploymentPostprocessing = 0;
		};
/* End PBXFrameworksBuildPhase section */

/* Begin PBXCopyFilesBuildPhase section */
		248F1A74C7DAA3A6E2AB70B4 /* Embed Libraries */ = {
			isa = PBXCopyFilesBuildPhase;
			buildActionMask = 2147483647;
			dstPath = "";
			dstSubfolderSpec = 10;
			files = (
			);
			name = "Embed Libraries";
			runOnlyForDeploymentPostprocessing = 0;
		};
/* End PBXCopyFilesBuildPhase section */

/* Begin PBXGroup section */
		05118A65EFFDB05737E378A5 /* Products */ = {
			isa = PBXGroup;
			children = (
				F9A65ED797875F896F05A517 /* libraylib.a */,
			);
			name = Products;
			sourceTree = "<group>";
		};
		6849586FFB54B1614389A6AF /* Sandbox */ = {
			isa = PBXGroup;
			children = (
				EB5332CA0D1EDFFC49D4090A /* SandboxApp.cpp */,
				BBF76781A7E87333FA200DC1 /* Frameworks */,
				A6C936B49B3FADE6EA134CF4 /* Products */,
				9D968EAA920D05DCE0E0A4EA /* Projects */,
			);
			name = Sandbox;
			sourceTree = "<group>";
		};
		9D968EAA920D05DCE0E0A4EA /* Projects */ = {
			isa = PBXGroup;
			children = (
				BE593ABC54824CAE15E8A8FC /* raylib.xcodeproj */,
				5A4D003647B492E8E4AE8676 /* SpectralEngine.xcodeproj */,
			);
			name = Projects;
			sourceTree = "<group>";
		};
		A6C936B49B3FADE6EA134CF4 /* Products */ = {
			isa = PBXGroup;
			children = (
				F8CF3E989D21DC4AAF5A24D8 /* Sandbox */,
			);
			name = Products;
			sourceTree = "<group>";
		};
		BBF76781A7E87333FA200DC1 /* Frameworks */ = {
			isa = PBXGroup;
			children = (
				19352E0A6698243CDCB7244A /* OpenGL.framework */,
				8D6BC6AA50D7885C8F7B2CEA /* Cocoa.framework */,
				0BACC980CF188B320DBC2FC0 /* IOKit.framework */,
				EA5C1300C9792D32A5828940 /* CoreFoundation.framework */,
				1FAF1596EDD2694874E0BBD6 /* CoreAudio.framework */,
				606C44802E8F9832B59DEAC0 /* CoreVideo.framework */,
				6E0E03F2B221D524A5F35A32 /* AudioToolbox.framework */,
			);
			name = Frameworks;
			sourceTree = "<group>";
		};
		BDDD69F6EEC161E801D99836 /* Products */ = {
			isa = PBXGroup;
			children = (
				476CFC67E1C6E5591DFF4AA7 /* libSpectralEngine.a */,
			);
			name = Products;
			sourceTree = "<group>";
		};
/* End PBXGroup section */

/* Begin PBXNativeTarget section */
		E2DDA37EEF9A52F06484C1BE /* Sandbox */ = {
			isa = PBXNativeTarget;
			buildConfigurationList = E7F4F06738088519BA86B6A7 /* Build configuration list for PBXNativeTarget "Sandbox" */;
			buildPhases = (
				69A128A8B9B4BD5A3C32EEE8 /* Resources */,
				D34E41FF2361D6B1A5E0083F /* Sources */,
				F9B9A80849CD3CBACC4B6E48 /* Frameworks */,
				248F1A74C7DAA3A6E2AB70B4 /* Embed Libraries */,
			);
			buildRules = (
			);
			dependencies = (
				F2C9C76EDDB5ED60259BB5AE /* PBXTargetDependency */,
				AB95A6FFDC799EF1EF91D53F /* PBXTargetDependency */,
			);
			name = Sandbox;
			productInstallPath = "$(HOME)/bin";
			productName = Sandbox;
			productReference = F8CF3E989D21DC4AAF5A24D8 /* Sandbox */;
			productType = "com.apple.product-type.tool";
		};
/* End PBXNativeTarget section */

/* Begin PBXProject section */
		08FB7793FE84155DC02AAC07 /* Project object */ = {
			isa = PBXProject;
			buildConfigurationList = 1DEB928908733DD80010E9CD /* Build configuration list for PBXProject "Sandbox" */;
			compatibilityVersion = "Xcode 3.2";
			hasScannedForEncodings = 1;
			mainGroup = 6849586FFB54B1614389A6AF /* Sandbox */;
			projectDirPath = "";
			projectReferences = (
				{
					ProductGroup = 05118A65EFFDB05737E378A5 /* Products */;
					ProjectRef = BE593ABC54824CAE15E8A8FC /* raylib.xcodeproj */;
				},
				{
					ProductGroup = BDDD69F6EEC161E801D99836 /* Products */;
					ProjectRef = 5A4D003647B492E8E4AE8676 /* SpectralEngine.xcodeproj */;
				},
			);
			projectRoot = "";
			targets = (
				E2DDA37EEF9A52F06484C1BE /* Sandbox */,
			);
		};
/* End PBXProject section */

/* Begin PBXReferenceProxy section */
		476CFC67E1C6E5591DFF4AA7 /* libSpectralEngine.a */ = {
			isa = PBXReferenceProxy;
			fileType = archive.ar;
			path = libSpectralEngine.a;
			remoteRef = CB097376186C69A88E8B69B6 /* PBXContainerItemProxy */;
			sourceTree = BUILT_PRODUCTS_DIR;
		};
		F9A65ED797875F896F05A517 /* libraylib.a */ = {
			isa = PBXReferenceProxy;
			fileType = archive.ar;
			path = libraylib.a;
			remoteRef = F8C1A1C5413285F785D15805 /* PBXContainerItemProxy */;
			sourceTree = BUILT_PRODUCTS_DIR;
		};
/* End PBXReferenceProxy section */

/* Begin PBXResourcesBuildPhase section */
		69A128A8B9B4BD5A3C32EEE8 /* Resources */ = {
			isa = PBXResourcesBuildPhase;
			buildActionMask = 2147483647;
			files = (
			);
			runOnlyForDeploymentPostprocessing = 0;
		};
/* End PBXResourcesBuildPhase section */

/* Begin PBXSourcesBuildPhase section */
		D34E41FF2361D6B1A5E0083F /* Sources */ = {
			isa = PBXSourcesBuildPhase;
			buildActionMask = 2147483647;
			files = (
				5569FCC299B8A234DBDFDB02 /* SandboxApp.cpp in Sources */,
			);
			runOnlyForDeploymentPostprocessing = 0;
		};
/* End PBXSourcesBuildPhase section */

/* Begin PBXTargetDependency section */
		AB95A6FFDC799EF1EF91D53F /* PBXTargetDependency */ = {
			isa = PBXTargetDependency;
			name = libSpectralEngine.a;
			targetProxy = 1D43E60F6AA6DC41E0C5DC4F /* PBXContainerItemProxy */;
		};
		F2C9C76EDDB5ED60259BB5AE /* PBXTargetDependency */ = {
			isa = PBXTargetDependency;
			name = libraylib.a;
			targetProxy = 4AFC145E936CF890D80BCA9E /* PBXContainerItemProxy */;
		};
/* End PBXTargetDependency section */

/* Begin PBXVariantGroup section */
/* End PBXVariantGroup section */

/* Begin XCBuildConfiguration section */
		C5DDD7ADEC04075F530AFDED /* Debug */ = {
			isa = XCBuildConfiguration;
			buildSettings = {
				ALWAYS_SEARCH_USER_PATHS = NO;
				CONFIGURATION_BUILD_DIR = ../bin/_Debug/Sandbox;
				DEBUG_INFORMATION_FORMAT = "dwarf-with-dsym";
				GCC_DYNAMIC_NO_PIC = NO;
				INSTALL_PATH = /usr/local/bin;
				PRODUCT_NAME = Sandbox;
			};
			name = Debug;
		};
		D2EB7F98773E1D4A897665D8 /* Release */ = {
			isa = XCBuildConfiguration;
			buildSettings = {
				ARCHS = "$(NATIVE_ARCH_ACTUAL)";
				CLANG_CXX_LANGUAGE_STANDARD = "c++2a";
				CONFIGURATION_BUILD_DIR = "$(SYMROOT)";
				CONFIGURATION_TEMP_DIR = "$(OBJROOT)";
				GCC_OPTIMIZATION_LEVEL = 0;
				GCC_PREPROCESSOR_DEFINITIONS = (
					PLATFORM_DESKTOP,
					GRAPHICS_API_OPENGL_33,
				);
				GCC_SYMBOLS_PRIVATE_EXTERN = NO;
				GCC_WARN_ABOUT_RETURN_TYPE = YES;
				GCC_WARN_UNUSED_VARIABLE = YES;
				OBJROOT = obj/Release;
				ONLY_ACTIVE_ARCH = NO;
				SYMROOT = ../bin/_Release/Sandbox;
				SYSTEM_HEADER_SEARCH_PATHS = (
					../SpectralEngine/vendor/spdlog/include,
					"$(inherited)",
				);
				USER_HEADER_SEARCH_PATHS = (
					src,
					../SpectralEngine/src,
					../SpectralEngine/vendor,
					../SpectralEngine/vendor/spdlog/include,
					"../SpectralEngine/vendor/imgui-master",
					"../SpectralEngine/vendor/raylib-master/src",
					"../SpectralEngine/vendor/raylib-master/src/external",
					"../SpectralEngine/vendor/raylib-master/src/external/glfw/include",
				);
			};
			name = Release;
		};
		E3FEB5DE874A3F10A21B0C1E /* Debug */ = {
			isa = XCBuildConfiguration;
			buildSettings = {
				ARCHS = "$(NATIVE_ARCH_ACTUAL)";
				CLANG_CXX_LANGUAGE_STANDARD = "c++2a";
				CONFIGURATION_BUILD_DIR = "$(SYMROOT)";
				CONFIGURATION_TEMP_DIR = "$(OBJROOT)";
				GCC_OPTIMIZATION_LEVEL = 0;
				GCC_PREPROCESSOR_DEFINITIONS = (
					PLATFORM_DESKTOP,
					GRAPHICS_API_OPENGL_33,
				);
				GCC_SYMBOLS_PRIVATE_EXTERN = NO;
				GCC_WARN_ABOUT_RETURN_TYPE = YES;
				GCC_WARN_UNUSED_VARIABLE = YES;
				OBJROOT = obj/Debug;
				ONLY_ACTIVE_ARCH = NO;
				SYMROOT = ../bin/_Debug/Sandbox;
				SYSTEM_HEADER_SEARCH_PATHS = (
					../SpectralEngine/vendor/spdlog/include,
					"$(inherited)",
				);
				USER_HEADER_SEARCH_PATHS = (
					src,
					../SpectralEngine/src,
					../SpectralEngine/vendor,
					../SpectralEngine/vendor/spdlog/include,
					"../SpectralEngine/vendor/imgui-master",
					"../SpectralEngine/vendor/raylib-master/src",
					"../SpectralEngine/vendor/raylib-master/src/external",
					"../SpectralEngine/vendor/raylib-master/src/external/glfw/include",
				);
			};
			name = Debug;
		};
		FB7591E743E6761988854827 /* Release */ = {
			isa = XCBuildConfiguration;
			buildSettings = {
				ALWAYS_SEARCH_USER_PATHS = NO;
				CONFIGURATION_BUILD_DIR = ../bin/_Release/Sandbox;
				DEBUG_INFORMATION_FORMAT = "dwarf-with-dsym";
				GCC_DYNAMIC_NO_PIC = NO;
				INSTALL_PATH = /usr/local/bin;
				PRODUCT_NAME = Sandbox;
			};
			name = Release;
		};
/* End XCBuildConfiguration section */

/* Begin XCConfigurationList section */
		1DEB928908733DD80010E9CD /* Build configuration list for PBXProject "Sandbox" */ = {
			isa = XCConfigurationList;
			buildConfigurations = (
				E3FEB5DE874A3F10A21B0C1E /* Debug */,
				D2EB7F98773E1D4A897665D8 /* Release */,
			);
			defaultConfigurationIsVisible = 0;
			defaultConfigurationName = Debug;
		};
		E7F4F06738088519BA86B6A7 /* Build configuration list for PBXNativeTarget "Sandbox" */ = {
			isa = XCConfigurationList;
			buildConfigurations = (
				C5DDD7ADEC04075F530AFDED /* Debug */,
				FB7591E743E6761988854827 /* Release */,
			);
			defaultConfigurationIsVisible = 0;
			defaultConfigurationName = Debug;
		};
/* End XCConfigurationList section */
};
rootObject = 08FB7793FE84155DC02AAC07 /* Project object */;
}